// !$*UTF8*$!
{
	archiveVersion = 1;
	classes = {
	};
	objectVersion = 56;
	objects = {

/* Begin PBXBuildFile section */
		7D7238672976356000CA2315 /* RecipeAppData.docc in Sources */ = {isa = PBXBuildFile; fileRef = 7D7238662976356000CA2315 /* RecipeAppData.docc */; };
		7D72386D2976356000CA2315 /* RecipeAppData.framework in Frameworks */ = {isa = PBXBuildFile; fileRef = 7D7238622976356000CA2315 /* RecipeAppData.framework */; };
		7D7238722976356000CA2315 /* RecipeAppDataTests.swift in Sources */ = {isa = PBXBuildFile; fileRef = 7D7238712976356000CA2315 /* RecipeAppDataTests.swift */; };
		7D7238732976356000CA2315 /* RecipeAppData.h in Headers */ = {isa = PBXBuildFile; fileRef = 7D7238652976356000CA2315 /* RecipeAppData.h */; settings = {ATTRIBUTES = (Public, ); }; };
		7D7239052976365100CA2315 /* RecipeAppDomain.framework in Frameworks */ = {isa = PBXBuildFile; fileRef = 7D7239042976365100CA2315 /* RecipeAppDomain.framework */; };
		7D7239062976365100CA2315 /* RecipeAppDomain.framework in Embed Frameworks */ = {isa = PBXBuildFile; fileRef = 7D7239042976365100CA2315 /* RecipeAppDomain.framework */; settings = {ATTRIBUTES = (CodeSignOnCopy, RemoveHeadersOnCopy, ); }; };
		7D72390D297636A100CA2315 /* ApiRecipe.swift in Sources */ = {isa = PBXBuildFile; fileRef = 7D72390C297636A100CA2315 /* ApiRecipe.swift */; };
		7D72390F297636C100CA2315 /* APIRecipeResult.swift in Sources */ = {isa = PBXBuildFile; fileRef = 7D72390E297636C100CA2315 /* APIRecipeResult.swift */; };
		7D723911297636E400CA2315 /* APIRecipeDetail.swift in Sources */ = {isa = PBXBuildFile; fileRef = 7D723910297636E400CA2315 /* APIRecipeDetail.swift */; };
		7D7239152976371E00CA2315 /* APIContentType.swift in Sources */ = {isa = PBXBuildFile; fileRef = 7D7239142976371E00CA2315 /* APIContentType.swift */; };
		7D7239172976375300CA2315 /* APIMethod.swift in Sources */ = {isa = PBXBuildFile; fileRef = 7D7239162976375300CA2315 /* APIMethod.swift */; };
		7D7239192976376800CA2315 /* APIRequest.swift in Sources */ = {isa = PBXBuildFile; fileRef = 7D7239182976376800CA2315 /* APIRequest.swift */; };
		7D72391B2976378300CA2315 /* RestClient.swift in Sources */ = {isa = PBXBuildFile; fileRef = 7D72391A2976378300CA2315 /* RestClient.swift */; };
		7D72391D297637C500CA2315 /* NetworkServiceType.swift in Sources */ = {isa = PBXBuildFile; fileRef = 7D72391C297637C500CA2315 /* NetworkServiceType.swift */; };
		7D7239222976383300CA2315 /* RecipeDetailRepository.swift in Sources */ = {isa = PBXBuildFile; fileRef = 7D7239212976383300CA2315 /* RecipeDetailRepository.swift */; };
		7D723924297638CB00CA2315 /* RecipeListRepository.swift in Sources */ = {isa = PBXBuildFile; fileRef = 7D723923297638CB00CA2315 /* RecipeListRepository.swift */; };
		7D7239282976390D00CA2315 /* DataConstants.swift in Sources */ = {isa = PBXBuildFile; fileRef = 7D7239272976390D00CA2315 /* DataConstants.swift */; };
		7D72392A2976392C00CA2315 /* BaseWrapperType.swift in Sources */ = {isa = PBXBuildFile; fileRef = 7D7239292976392C00CA2315 /* BaseWrapperType.swift */; };
		7D72392C2976393F00CA2315 /* RecipeDetailWrapper.swift in Sources */ = {isa = PBXBuildFile; fileRef = 7D72392B2976393F00CA2315 /* RecipeDetailWrapper.swift */; };
		7D72392E2976394C00CA2315 /* RecipeResultWrapper.swift in Sources */ = {isa = PBXBuildFile; fileRef = 7D72392D2976394C00CA2315 /* RecipeResultWrapper.swift */; };
		7D7239302976395B00CA2315 /* RecipeWrapper.swift in Sources */ = {isa = PBXBuildFile; fileRef = 7D72392F2976395B00CA2315 /* RecipeWrapper.swift */; };
/* End PBXBuildFile section */

/* Begin PBXContainerItemProxy section */
		7D72386E2976356000CA2315 /* PBXContainerItemProxy */ = {
			isa = PBXContainerItemProxy;
			containerPortal = 7D7238592976355F00CA2315 /* Project object */;
			proxyType = 1;
			remoteGlobalIDString = 7D7238612976356000CA2315;
			remoteInfo = RecipeAppData;
		};
/* End PBXContainerItemProxy section */

/* Begin PBXCopyFilesBuildPhase section */
		7D7239072976365100CA2315 /* Embed Frameworks */ = {
			isa = PBXCopyFilesBuildPhase;
			buildActionMask = 2147483647;
			dstPath = "";
			dstSubfolderSpec = 10;
			files = (
				7D7239062976365100CA2315 /* RecipeAppDomain.framework in Embed Frameworks */,
			);
			name = "Embed Frameworks";
			runOnlyForDeploymentPostprocessing = 0;
		};
/* End PBXCopyFilesBuildPhase section */

/* Begin PBXFileReference section */
		7D7238622976356000CA2315 /* RecipeAppData.framework */ = {isa = PBXFileReference; explicitFileType = wrapper.framework; includeInIndex = 0; path = RecipeAppData.framework; sourceTree = BUILT_PRODUCTS_DIR; };
		7D7238652976356000CA2315 /* RecipeAppData.h */ = {isa = PBXFileReference; lastKnownFileType = sourcecode.c.h; path = RecipeAppData.h; sourceTree = "<group>"; };
		7D7238662976356000CA2315 /* RecipeAppData.docc */ = {isa = PBXFileReference; lastKnownFileType = folder.documentationcatalog; path = RecipeAppData.docc; sourceTree = "<group>"; };
		7D72386C2976356000CA2315 /* RecipeAppDataTests.xctest */ = {isa = PBXFileReference; explicitFileType = wrapper.cfbundle; includeInIndex = 0; path = RecipeAppDataTests.xctest; sourceTree = BUILT_PRODUCTS_DIR; };
		7D7238712976356000CA2315 /* RecipeAppDataTests.swift */ = {isa = PBXFileReference; lastKnownFileType = sourcecode.swift; path = RecipeAppDataTests.swift; sourceTree = "<group>"; };
		7D7239042976365100CA2315 /* RecipeAppDomain.framework */ = {isa = PBXFileReference; explicitFileType = wrapper.framework; path = RecipeAppDomain.framework; sourceTree = BUILT_PRODUCTS_DIR; };
		7D72390C297636A100CA2315 /* ApiRecipe.swift */ = {isa = PBXFileReference; lastKnownFileType = sourcecode.swift; path = ApiRecipe.swift; sourceTree = "<group>"; };
		7D72390E297636C100CA2315 /* APIRecipeResult.swift */ = {isa = PBXFileReference; lastKnownFileType = sourcecode.swift; path = APIRecipeResult.swift; sourceTree = "<group>"; };
		7D723910297636E400CA2315 /* APIRecipeDetail.swift */ = {isa = PBXFileReference; lastKnownFileType = sourcecode.swift; path = APIRecipeDetail.swift; sourceTree = "<group>"; };
		7D7239142976371E00CA2315 /* APIContentType.swift */ = {isa = PBXFileReference; lastKnownFileType = sourcecode.swift; path = APIContentType.swift; sourceTree = "<group>"; };
		7D7239162976375300CA2315 /* APIMethod.swift */ = {isa = PBXFileReference; lastKnownFileType = sourcecode.swift; path = APIMethod.swift; sourceTree = "<group>"; };
		7D7239182976376800CA2315 /* APIRequest.swift */ = {isa = PBXFileReference; lastKnownFileType = sourcecode.swift; path = APIRequest.swift; sourceTree = "<group>"; };
		7D72391A2976378300CA2315 /* RestClient.swift */ = {isa = PBXFileReference; lastKnownFileType = sourcecode.swift; path = RestClient.swift; sourceTree = "<group>"; };
		7D72391C297637C500CA2315 /* NetworkServiceType.swift */ = {isa = PBXFileReference; lastKnownFileType = sourcecode.swift; path = NetworkServiceType.swift; sourceTree = "<group>"; };
		7D7239212976383300CA2315 /* RecipeDetailRepository.swift */ = {isa = PBXFileReference; lastKnownFileType = sourcecode.swift; path = RecipeDetailRepository.swift; sourceTree = "<group>"; };
		7D723923297638CB00CA2315 /* RecipeListRepository.swift */ = {isa = PBXFileReference; lastKnownFileType = sourcecode.swift; path = RecipeListRepository.swift; sourceTree = "<group>"; };
		7D7239272976390D00CA2315 /* DataConstants.swift */ = {isa = PBXFileReference; lastKnownFileType = sourcecode.swift; path = DataConstants.swift; sourceTree = "<group>"; };
		7D7239292976392C00CA2315 /* BaseWrapperType.swift */ = {isa = PBXFileReference; lastKnownFileType = sourcecode.swift; path = BaseWrapperType.swift; sourceTree = "<group>"; };
		7D72392B2976393F00CA2315 /* RecipeDetailWrapper.swift */ = {isa = PBXFileReference; lastKnownFileType = sourcecode.swift; path = RecipeDetailWrapper.swift; sourceTree = "<group>"; };
		7D72392D2976394C00CA2315 /* RecipeResultWrapper.swift */ = {isa = PBXFileReference; lastKnownFileType = sourcecode.swift; path = RecipeResultWrapper.swift; sourceTree = "<group>"; };
		7D72392F2976395B00CA2315 /* RecipeWrapper.swift */ = {isa = PBXFileReference; lastKnownFileType = sourcecode.swift; path = RecipeWrapper.swift; sourceTree = "<group>"; };
/* End PBXFileReference section */

/* Begin PBXFrameworksBuildPhase section */
		7D72385F2976356000CA2315 /* Frameworks */ = {
			isa = PBXFrameworksBuildPhase;
			buildActionMask = 2147483647;
			files = (
				7D7239052976365100CA2315 /* RecipeAppDomain.framework in Frameworks */,
			);
			runOnlyForDeploymentPostprocessing = 0;
		};
		7D7238692976356000CA2315 /* Frameworks */ = {
			isa = PBXFrameworksBuildPhase;
			buildActionMask = 2147483647;
			files = (
				7D72386D2976356000CA2315 /* RecipeAppData.framework in Frameworks */,
			);
			runOnlyForDeploymentPostprocessing = 0;
		};
/* End PBXFrameworksBuildPhase section */

/* Begin PBXGroup section */
		7D7238582976355F00CA2315 = {
			isa = PBXGroup;
			children = (
				7D7238642976356000CA2315 /* RecipeAppData */,
				7D7238702976356000CA2315 /* RecipeAppDataTests */,
				7D7238632976356000CA2315 /* Products */,
				7D7239032976365100CA2315 /* Frameworks */,
			);
			sourceTree = "<group>";
		};
		7D7238632976356000CA2315 /* Products */ = {
			isa = PBXGroup;
			children = (
				7D7238622976356000CA2315 /* RecipeAppData.framework */,
				7D72386C2976356000CA2315 /* RecipeAppDataTests.xctest */,
			);
			name = Products;
			sourceTree = "<group>";
		};
		7D7238642976356000CA2315 /* RecipeAppData */ = {
			isa = PBXGroup;
			children = (
				7D723926297638EF00CA2315 /* Wrappers */,
				7D723925297638E900CA2315 /* Utils */,
				7D72391E297637F000CA2315 /* Repositories */,
				7D7239122976370200CA2315 /* Network */,
				7D7239082976365B00CA2315 /* Models */,
				7D7238652976356000CA2315 /* RecipeAppData.h */,
				7D7238662976356000CA2315 /* RecipeAppData.docc */,
			);
			path = RecipeAppData;
			sourceTree = "<group>";
		};
		7D7238702976356000CA2315 /* RecipeAppDataTests */ = {
			isa = PBXGroup;
			children = (
				7D7238712976356000CA2315 /* RecipeAppDataTests.swift */,
			);
			path = RecipeAppDataTests;
			sourceTree = "<group>";
		};
		7D7239032976365100CA2315 /* Frameworks */ = {
			isa = PBXGroup;
			children = (
				7D7239042976365100CA2315 /* RecipeAppDomain.framework */,
			);
			name = Frameworks;
			sourceTree = "<group>";
		};
		7D7239082976365B00CA2315 /* Models */ = {
			isa = PBXGroup;
			children = (
				7D72390B2976367900CA2315 /* RecipeDetail */,
				7D7239092976366600CA2315 /* RecipeList */,
			);
			path = Models;
			sourceTree = "<group>";
		};
		7D7239092976366600CA2315 /* RecipeList */ = {
			isa = PBXGroup;
			children = (
				7D72390C297636A100CA2315 /* ApiRecipe.swift */,
				7D72390E297636C100CA2315 /* APIRecipeResult.swift */,
			);
			path = RecipeList;
			sourceTree = "<group>";
		};
		7D72390B2976367900CA2315 /* RecipeDetail */ = {
			isa = PBXGroup;
			children = (
				7D723910297636E400CA2315 /* APIRecipeDetail.swift */,
			);
			path = RecipeDetail;
			sourceTree = "<group>";
		};
		7D7239122976370200CA2315 /* Network */ = {
			isa = PBXGroup;
			children = (
				7D7239132976370B00CA2315 /* Client */,
				7D72391C297637C500CA2315 /* NetworkServiceType.swift */,
			);
			path = Network;
			sourceTree = "<group>";
		};
		7D7239132976370B00CA2315 /* Client */ = {
			isa = PBXGroup;
			children = (
				7D7239142976371E00CA2315 /* APIContentType.swift */,
				7D7239162976375300CA2315 /* APIMethod.swift */,
				7D7239182976376800CA2315 /* APIRequest.swift */,
				7D72391A2976378300CA2315 /* RestClient.swift */,
			);
			path = Client;
			sourceTree = "<group>";
		};
		7D72391E297637F000CA2315 /* Repositories */ = {
			isa = PBXGroup;
			children = (
				7D7239202976380500CA2315 /* RecipeDetail */,
				7D72391F297637FB00CA2315 /* RecipeList */,
			);
			path = Repositories;
			sourceTree = "<group>";
		};
		7D72391F297637FB00CA2315 /* RecipeList */ = {
			isa = PBXGroup;
			children = (
				7D723923297638CB00CA2315 /* RecipeListRepository.swift */,
			);
			path = RecipeList;
			sourceTree = "<group>";
		};
		7D7239202976380500CA2315 /* RecipeDetail */ = {
			isa = PBXGroup;
			children = (
				7D7239212976383300CA2315 /* RecipeDetailRepository.swift */,
			);
			path = RecipeDetail;
			sourceTree = "<group>";
		};
		7D723925297638E900CA2315 /* Utils */ = {
			isa = PBXGroup;
			children = (
				7D7239272976390D00CA2315 /* DataConstants.swift */,
			);
			path = Utils;
			sourceTree = "<group>";
		};
		7D723926297638EF00CA2315 /* Wrappers */ = {
			isa = PBXGroup;
			children = (
				7D7239292976392C00CA2315 /* BaseWrapperType.swift */,
				7D72392B2976393F00CA2315 /* RecipeDetailWrapper.swift */,
				7D72392D2976394C00CA2315 /* RecipeResultWrapper.swift */,
				7D72392F2976395B00CA2315 /* RecipeWrapper.swift */,
			);
			path = Wrappers;
			sourceTree = "<group>";
		};
/* End PBXGroup section */

/* Begin PBXHeadersBuildPhase section */
		7D72385D2976356000CA2315 /* Headers */ = {
			isa = PBXHeadersBuildPhase;
			buildActionMask = 2147483647;
			files = (
				7D7238732976356000CA2315 /* RecipeAppData.h in Headers */,
			);
			runOnlyForDeploymentPostprocessing = 0;
		};
/* End PBXHeadersBuildPhase section */

/* Begin PBXNativeTarget section */
		7D7238612976356000CA2315 /* RecipeAppData */ = {
			isa = PBXNativeTarget;
			buildConfigurationList = 7D7238762976356000CA2315 /* Build configuration list for PBXNativeTarget "RecipeAppData" */;
			buildPhases = (
				7D72385D2976356000CA2315 /* Headers */,
				7D72385E2976356000CA2315 /* Sources */,
				7D72385F2976356000CA2315 /* Frameworks */,
				7D7238602976356000CA2315 /* Resources */,
				7D7239072976365100CA2315 /* Embed Frameworks */,
			);
			buildRules = (
			);
			dependencies = (
			);
			name = RecipeAppData;
			productName = RecipeAppData;
			productReference = 7D7238622976356000CA2315 /* RecipeAppData.framework */;
			productType = "com.apple.product-type.framework";
		};
		7D72386B2976356000CA2315 /* RecipeAppDataTests */ = {
			isa = PBXNativeTarget;
			buildConfigurationList = 7D7238792976356000CA2315 /* Build configuration list for PBXNativeTarget "RecipeAppDataTests" */;
			buildPhases = (
				7D7238682976356000CA2315 /* Sources */,
				7D7238692976356000CA2315 /* Frameworks */,
				7D72386A2976356000CA2315 /* Resources */,
			);
			buildRules = (
			);
			dependencies = (
				7D72386F2976356000CA2315 /* PBXTargetDependency */,
			);
			name = RecipeAppDataTests;
			productName = RecipeAppDataTests;
			productReference = 7D72386C2976356000CA2315 /* RecipeAppDataTests.xctest */;
			productType = "com.apple.product-type.bundle.unit-test";
		};
/* End PBXNativeTarget section */

/* Begin PBXProject section */
		7D7238592976355F00CA2315 /* Project object */ = {
			isa = PBXProject;
			attributes = {
				BuildIndependentTargetsInParallel = 1;
				LastSwiftUpdateCheck = 1420;
				LastUpgradeCheck = 1420;
				TargetAttributes = {
					7D7238612976356000CA2315 = {
						CreatedOnToolsVersion = 14.2;
					};
					7D72386B2976356000CA2315 = {
						CreatedOnToolsVersion = 14.2;
					};
				};
			};
			buildConfigurationList = 7D72385C2976355F00CA2315 /* Build configuration list for PBXProject "RecipeAppData" */;
			compatibilityVersion = "Xcode 14.0";
			developmentRegion = en;
			hasScannedForEncodings = 0;
			knownRegions = (
				en,
				Base,
			);
			mainGroup = 7D7238582976355F00CA2315;
			productRefGroup = 7D7238632976356000CA2315 /* Products */;
			projectDirPath = "";
			projectRoot = "";
			targets = (
				7D7238612976356000CA2315 /* RecipeAppData */,
				7D72386B2976356000CA2315 /* RecipeAppDataTests */,
			);
		};
/* End PBXProject section */

/* Begin PBXResourcesBuildPhase section */
		7D7238602976356000CA2315 /* Resources */ = {
			isa = PBXResourcesBuildPhase;
			buildActionMask = 2147483647;
			files = (
			);
			runOnlyForDeploymentPostprocessing = 0;
		};
		7D72386A2976356000CA2315 /* Resources */ = {
			isa = PBXResourcesBuildPhase;
			buildActionMask = 2147483647;
			files = (
			);
			runOnlyForDeploymentPostprocessing = 0;
		};
/* End PBXResourcesBuildPhase section */

/* Begin PBXSourcesBuildPhase section */
		7D72385E2976356000CA2315 /* Sources */ = {
			isa = PBXSourcesBuildPhase;
			buildActionMask = 2147483647;
			files = (
				7D72391D297637C500CA2315 /* NetworkServiceType.swift in Sources */,
				7D7239282976390D00CA2315 /* DataConstants.swift in Sources */,
				7D72391B2976378300CA2315 /* RestClient.swift in Sources */,
				7D7239152976371E00CA2315 /* APIContentType.swift in Sources */,
				7D7239192976376800CA2315 /* APIRequest.swift in Sources */,
				7D72390D297636A100CA2315 /* ApiRecipe.swift in Sources */,
				7D72392A2976392C00CA2315 /* BaseWrapperType.swift in Sources */,
				7D7239302976395B00CA2315 /* RecipeWrapper.swift in Sources */,
				7D723911297636E400CA2315 /* APIRecipeDetail.swift in Sources */,
				7D72390F297636C100CA2315 /* APIRecipeResult.swift in Sources */,
				7D7238672976356000CA2315 /* RecipeAppData.docc in Sources */,
				7D7239222976383300CA2315 /* RecipeDetailRepository.swift in Sources */,
				7D7239172976375300CA2315 /* APIMethod.swift in Sources */,
				7D72392E2976394C00CA2315 /* RecipeResultWrapper.swift in Sources */,
				7D72392C2976393F00CA2315 /* RecipeDetailWrapper.swift in Sources */,
				7D723924297638CB00CA2315 /* RecipeListRepository.swift in Sources */,
			);
			runOnlyForDeploymentPostprocessing = 0;
		};
		7D7238682976356000CA2315 /* Sources */ = {
			isa = PBXSourcesBuildPhase;
			buildActionMask = 2147483647;
			files = (
				7D7238722976356000CA2315 /* RecipeAppDataTests.swift in Sources */,
			);
			runOnlyForDeploymentPostprocessing = 0;
		};
/* End PBXSourcesBuildPhase section */

/* Begin PBXTargetDependency section */
		7D72386F2976356000CA2315 /* PBXTargetDependency */ = {
			isa = PBXTargetDependency;
			target = 7D7238612976356000CA2315 /* RecipeAppData */;
			targetProxy = 7D72386E2976356000CA2315 /* PBXContainerItemProxy */;
		};
/* End PBXTargetDependency section */

/* Begin XCBuildConfiguration section */
		7D7238742976356000CA2315 /* Debug */ = {
			isa = XCBuildConfiguration;
			buildSettings = {
				ALWAYS_SEARCH_USER_PATHS = NO;
				CLANG_ANALYZER_NONNULL = YES;
				CLANG_ANALYZER_NUMBER_OBJECT_CONVERSION = YES_AGGRESSIVE;
				CLANG_CXX_LANGUAGE_STANDARD = "gnu++20";
				CLANG_ENABLE_MODULES = YES;
				CLANG_ENABLE_OBJC_ARC = YES;
				CLANG_ENABLE_OBJC_WEAK = YES;
				CLANG_WARN_BLOCK_CAPTURE_AUTORELEASING = YES;
				CLANG_WARN_BOOL_CONVERSION = YES;
				CLANG_WARN_COMMA = YES;
				CLANG_WARN_CONSTANT_CONVERSION = YES;
				CLANG_WARN_DEPRECATED_OBJC_IMPLEMENTATIONS = YES;
				CLANG_WARN_DIRECT_OBJC_ISA_USAGE = YES_ERROR;
				CLANG_WARN_DOCUMENTATION_COMMENTS = YES;
				CLANG_WARN_EMPTY_BODY = YES;
				CLANG_WARN_ENUM_CONVERSION = YES;
				CLANG_WARN_INFINITE_RECURSION = YES;
				CLANG_WARN_INT_CONVERSION = YES;
				CLANG_WARN_NON_LITERAL_NULL_CONVERSION = YES;
				CLANG_WARN_OBJC_IMPLICIT_RETAIN_SELF = YES;
				CLANG_WARN_OBJC_LITERAL_CONVERSION = YES;
				CLANG_WARN_OBJC_ROOT_CLASS = YES_ERROR;
				CLANG_WARN_QUOTED_INCLUDE_IN_FRAMEWORK_HEADER = YES;
				CLANG_WARN_RANGE_LOOP_ANALYSIS = YES;
				CLANG_WARN_STRICT_PROTOTYPES = YES;
				CLANG_WARN_SUSPICIOUS_MOVE = YES;
				CLANG_WARN_UNGUARDED_AVAILABILITY = YES_AGGRESSIVE;
				CLANG_WARN_UNREACHABLE_CODE = YES;
				CLANG_WARN__DUPLICATE_METHOD_MATCH = YES;
				COPY_PHASE_STRIP = NO;
				CURRENT_PROJECT_VERSION = 1;
				DEBUG_INFORMATION_FORMAT = dwarf;
				ENABLE_STRICT_OBJC_MSGSEND = YES;
				ENABLE_TESTABILITY = YES;
				GCC_C_LANGUAGE_STANDARD = gnu11;
				GCC_DYNAMIC_NO_PIC = NO;
				GCC_NO_COMMON_BLOCKS = YES;
				GCC_OPTIMIZATION_LEVEL = 0;
				GCC_PREPROCESSOR_DEFINITIONS = (
					"DEBUG=1",
					"$(inherited)",
				);
				GCC_WARN_64_TO_32_BIT_CONVERSION = YES;
				GCC_WARN_ABOUT_RETURN_TYPE = YES_ERROR;
				GCC_WARN_UNDECLARED_SELECTOR = YES;
				GCC_WARN_UNINITIALIZED_AUTOS = YES_AGGRESSIVE;
				GCC_WARN_UNUSED_FUNCTION = YES;
				GCC_WARN_UNUSED_VARIABLE = YES;
				IPHONEOS_DEPLOYMENT_TARGET = 16.2;
				MTL_ENABLE_DEBUG_INFO = INCLUDE_SOURCE;
				MTL_FAST_MATH = YES;
				ONLY_ACTIVE_ARCH = YES;
				SDKROOT = iphoneos;
				SWIFT_ACTIVE_COMPILATION_CONDITIONS = DEBUG;
				SWIFT_OPTIMIZATION_LEVEL = "-Onone";
				VERSIONING_SYSTEM = "apple-generic";
				VERSION_INFO_PREFIX = "";
			};
			name = Debug;
		};
		7D7238752976356000CA2315 /* Release */ = {
			isa = XCBuildConfiguration;
			buildSettings = {
				ALWAYS_SEARCH_USER_PATHS = NO;
				CLANG_ANALYZER_NONNULL = YES;
				CLANG_ANALYZER_NUMBER_OBJECT_CONVERSION = YES_AGGRESSIVE;
				CLANG_CXX_LANGUAGE_STANDARD = "gnu++20";
				CLANG_ENABLE_MODULES = YES;
				CLANG_ENABLE_OBJC_ARC = YES;
				CLANG_ENABLE_OBJC_WEAK = YES;
				CLANG_WARN_BLOCK_CAPTURE_AUTORELEASING = YES;
				CLANG_WARN_BOOL_CONVERSION = YES;
				CLANG_WARN_COMMA = YES;
				CLANG_WARN_CONSTANT_CONVERSION = YES;
				CLANG_WARN_DEPRECATED_OBJC_IMPLEMENTATIONS = YES;
				CLANG_WARN_DIRECT_OBJC_ISA_USAGE = YES_ERROR;
				CLANG_WARN_DOCUMENTATION_COMMENTS = YES;
				CLANG_WARN_EMPTY_BODY = YES;
				CLANG_WARN_ENUM_CONVERSION = YES;
				CLANG_WARN_INFINITE_RECURSION = YES;
				CLANG_WARN_INT_CONVERSION = YES;
				CLANG_WARN_NON_LITERAL_NULL_CONVERSION = YES;
				CLANG_WARN_OBJC_IMPLICIT_RETAIN_SELF = YES;
				CLANG_WARN_OBJC_LITERAL_CONVERSION = YES;
				CLANG_WARN_OBJC_ROOT_CLASS = YES_ERROR;
				CLANG_WARN_QUOTED_INCLUDE_IN_FRAMEWORK_HEADER = YES;
				CLANG_WARN_RANGE_LOOP_ANALYSIS = YES;
				CLANG_WARN_STRICT_PROTOTYPES = YES;
				CLANG_WARN_SUSPICIOUS_MOVE = YES;
				CLANG_WARN_UNGUARDED_AVAILABILITY = YES_AGGRESSIVE;
				CLANG_WARN_UNREACHABLE_CODE = YES;
				CLANG_WARN__DUPLICATE_METHOD_MATCH = YES;
				COPY_PHASE_STRIP = NO;
				CURRENT_PROJECT_VERSION = 1;
				DEBUG_INFORMATION_FORMAT = "dwarf-with-dsym";
				ENABLE_NS_ASSERTIONS = NO;
				ENABLE_STRICT_OBJC_MSGSEND = YES;
				GCC_C_LANGUAGE_STANDARD = gnu11;
				GCC_NO_COMMON_BLOCKS = YES;
				GCC_WARN_64_TO_32_BIT_CONVERSION = YES;
				GCC_WARN_ABOUT_RETURN_TYPE = YES_ERROR;
				GCC_WARN_UNDECLARED_SELECTOR = YES;
				GCC_WARN_UNINITIALIZED_AUTOS = YES_AGGRESSIVE;
				GCC_WARN_UNUSED_FUNCTION = YES;
				GCC_WARN_UNUSED_VARIABLE = YES;
				IPHONEOS_DEPLOYMENT_TARGET = 16.2;
				MTL_ENABLE_DEBUG_INFO = NO;
				MTL_FAST_MATH = YES;
				SDKROOT = iphoneos;
				SWIFT_COMPILATION_MODE = wholemodule;
				SWIFT_OPTIMIZATION_LEVEL = "-O";
				VALIDATE_PRODUCT = YES;
				VERSIONING_SYSTEM = "apple-generic";
				VERSION_INFO_PREFIX = "";
			};
			name = Release;
		};
		7D7238772976356000CA2315 /* Debug */ = {
			isa = XCBuildConfiguration;
			buildSettings = {
				CODE_SIGN_STYLE = Automatic;
				CURRENT_PROJECT_VERSION = 1;
				DEFINES_MODULE = YES;
				DEVELOPMENT_TEAM = VT2JPJ6QK2;
				DYLIB_COMPATIBILITY_VERSION = 1;
				DYLIB_CURRENT_VERSION = 1;
				DYLIB_INSTALL_NAME_BASE = "@rpath";
				GENERATE_INFOPLIST_FILE = YES;
				INFOPLIST_KEY_NSHumanReadableCopyright = "";
				INSTALL_PATH = "$(LOCAL_LIBRARY_DIR)/Frameworks";
				LD_RUNPATH_SEARCH_PATHS = (
					"$(inherited)",
					"@executable_path/Frameworks",
					"@loader_path/Frameworks",
				);
				MARKETING_VERSION = 1.0;
				PRODUCT_BUNDLE_IDENTIFIER = com.co.jorge.RecipeAppData;
				PRODUCT_NAME = "$(TARGET_NAME:c99extidentifier)";
				SKIP_INSTALL = YES;
				SWIFT_EMIT_LOC_STRINGS = YES;
				SWIFT_VERSION = 5.0;
				TARGETED_DEVICE_FAMILY = "1,2";
			};
			name = Debug;
		};
		7D7238782976356000CA2315 /* Release */ = {
			isa = XCBuildConfiguration;
			buildSettings = {
				CODE_SIGN_STYLE = Automatic;
				CURRENT_PROJECT_VERSION = 1;
				DEFINES_MODULE = YES;
				DEVELOPMENT_TEAM = VT2JPJ6QK2;
				DYLIB_COMPATIBILITY_VERSION = 1;
				DYLIB_CURRENT_VERSION = 1;
				DYLIB_INSTALL_NAME_BASE = "@rpath";
				GENERATE_INFOPLIST_FILE = YES;
				INFOPLIST_KEY_NSHumanReadableCopyright = "";
				INSTALL_PATH = "$(LOCAL_LIBRARY_DIR)/Frameworks";
				LD_RUNPATH_SEARCH_PATHS = (
					"$(inherited)",
					"@executable_path/Frameworks",
					"@loader_path/Frameworks",
				);
				MARKETING_VERSION = 1.0;
				PRODUCT_BUNDLE_IDENTIFIER = com.co.jorge.RecipeAppData;
				PRODUCT_NAME = "$(TARGET_NAME:c99extidentifier)";
				SKIP_INSTALL = YES;
				SWIFT_EMIT_LOC_STRINGS = YES;
				SWIFT_VERSION = 5.0;
				TARGETED_DEVICE_FAMILY = "1,2";
			};
			name = Release;
		};
		7D72387A2976356000CA2315 /* Debug */ = {
			isa = XCBuildConfiguration;
			buildSettings = {
				ALWAYS_EMBED_SWIFT_STANDARD_LIBRARIES = YES;
				CODE_SIGN_STYLE = Automatic;
				CURRENT_PROJECT_VERSION = 1;
				DEVELOPMENT_TEAM = VT2JPJ6QK2;
				GENERATE_INFOPLIST_FILE = YES;
				MARKETING_VERSION = 1.0;
				PRODUCT_BUNDLE_IDENTIFIER = com.co.jorge.RecipeAppDataTests;
				PRODUCT_NAME = "$(TARGET_NAME)";
				SWIFT_EMIT_LOC_STRINGS = NO;
				SWIFT_VERSION = 5.0;
				TARGETED_DEVICE_FAMILY = "1,2";
			};
			name = Debug;
		};
		7D72387B2976356000CA2315 /* Release */ = {
			isa = XCBuildConfiguration;
			buildSettings = {
				ALWAYS_EMBED_SWIFT_STANDARD_LIBRARIES = YES;
				CODE_SIGN_STYLE = Automatic;
				CURRENT_PROJECT_VERSION = 1;
				DEVELOPMENT_TEAM = VT2JPJ6QK2;
				GENERATE_INFOPLIST_FILE = YES;
				MARKETING_VERSION = 1.0;
				PRODUCT_BUNDLE_IDENTIFIER = com.co.jorge.RecipeAppDataTests;
				PRODUCT_NAME = "$(TARGET_NAME)";
				SWIFT_EMIT_LOC_STRINGS = NO;
				SWIFT_VERSION = 5.0;
				TARGETED_DEVICE_FAMILY = "1,2";
			};
			name = Release;
		};
/* End XCBuildConfiguration section */

/* Begin XCConfigurationList section */
		7D72385C2976355F00CA2315 /* Build configuration list for PBXProject "RecipeAppData" */ = {
			isa = XCConfigurationList;
			buildConfigurations = (
				7D7238742976356000CA2315 /* Debug */,
				7D7238752976356000CA2315 /* Release */,
			);
			defaultConfigurationIsVisible = 0;
			defaultConfigurationName = Release;
		};
		7D7238762976356000CA2315 /* Build configuration list for PBXNativeTarget "RecipeAppData" */ = {
			isa = XCConfigurationList;
			buildConfigurations = (
				7D7238772976356000CA2315 /* Debug */,
				7D7238782976356000CA2315 /* Release */,
			);
			defaultConfigurationIsVisible = 0;
			defaultConfigurationName = Release;
		};
		7D7238792976356000CA2315 /* Build configuration list for PBXNativeTarget "RecipeAppDataTests" */ = {
			isa = XCConfigurationList;
			buildConfigurations = (
				7D72387A2976356000CA2315 /* Debug */,
				7D72387B2976356000CA2315 /* Release */,
			);
			defaultConfigurationIsVisible = 0;
			defaultConfigurationName = Release;
		};
/* End XCConfigurationList section */
	};
	rootObject = 7D7238592976355F00CA2315 /* Project object */;
}
